
Microsoft Visual Studio Solution File, Format Version 12.00
# Visual Studio Version 17
VisualStudioVersion = 17.2.32630.192
MinimumVisualStudioVersion = 10.0.40219.1
Project("{9A19103F-16F7-4668-BE54-9A1E7A4F7556}") = "R5T.Costobocia.Construction", "R5T.Costobocia.Construction\R5T.Costobocia.Construction.csproj", "{DB090B05-3495-4C08-B043-C0175FFC9D41}"
EndProject
Project("{9A19103F-16F7-4668-BE54-9A1E7A4F7556}") = "R5T.Costobocia", "R5T.Costobocia\R5T.Costobocia.csproj", "{486C0567-ABE8-478F-B4E0-B41A7BFF5012}"
EndProject
Project("{FAE04EC0-301F-11D3-BF4B-00C04F79EFBC}") = "R5T.Costobocia.Base", "R5T.Costobocia.Base\R5T.Costobocia.Base.csproj", "{036AAE9A-80AE-488C-9FAB-747A09BCAD11}"
EndProject
Project("{2150E333-8FDC-42A3-9474-1A3956D46DE8}") = "_Dependencies", "_Dependencies", "{53691A5E-D1C5-495A-A4C6-8DF5F555F8DD}"
EndProject
Project("{FAE04EC0-301F-11D3-BF4B-00C04F79EFBC}") = "R5T.Costobocia.Default", "R5T.Costobocia.Default\R5T.Costobocia.Default.csproj", "{F10B08CE-6738-4734-8254-D0CBCBE90A63}"
EndProject
Project("{9A19103F-16F7-4668-BE54-9A1E7A4F7556}") = "R5T.Dacia.Extensions", "..\..\R5T.Dacia.Extensions\source\R5T.Dacia.Extensions\R5T.Dacia.Extensions.csproj", "{6F156689-FA0B-477E-AF1A-60196FCF0BD2}"
EndProject
Project("{9A19103F-16F7-4668-BE54-9A1E7A4F7556}") = "R5T.Dacia", "..\..\R5T.Dacia\source\R5T.Dacia\R5T.Dacia.csproj", "{50B5382B-0505-404A-8F8A-15D36424E2C1}"
EndProject
Project("{9A19103F-16F7-4668-BE54-9A1E7A4F7556}") = "R5T.Ostrogothia.Base", "..\..\R5T.Ostrogothia\source\R5T.Ostrogothia.Base\R5T.Ostrogothia.Base.csproj", "{2E89BF62-C5B0-44E0-9CA3-F9BE990F8A32}"
EndProject
Project("{9A19103F-16F7-4668-BE54-9A1E7A4F7556}") = "R5T.Ostrogothia.Abstractions", "..\..\R5T.Ostrogothia\source\R5T.Ostrogothia.Abstractions\R5T.Ostrogothia.Abstractions.csproj", "{7233B76D-25E1-47E4-B2F3-3F9B12AD5760}"
EndProject
Project("{9A19103F-16F7-4668-BE54-9A1E7A4F7556}") = "R5T.Lombardy.Base", "..\..\R5T.Lombardy.Base\source\R5T.Lombardy.Base\R5T.Lombardy.Base.csproj", "{E3F00851-97E1-477A-A06A-FC270E655890}"
EndProject
Project("{FAE04EC0-301F-11D3-BF4B-00C04F79EFBC}") = "R5T.Costobocia.Bulgaria", "R5T.Costobocia.Bulgaria\R5T.Costobocia.Bulgaria.csproj", "{755CD038-0A55-4D31-B009-66C2106185BC}"
EndProject
Project("{9A19103F-16F7-4668-BE54-9A1E7A4F7556}") = "R5T.Bulgaria.Base", "..\..\R5T.Bulgaria\source\R5T.Bulgaria.Base\R5T.Bulgaria.Base.csproj", "{2CA77061-11C5-458C-8F72-BF899CA7D151}"
EndProject
Project("{FAE04EC0-301F-11D3-BF4B-00C04F79EFBC}") = "R5T.Costobocia.Standard", "R5T.Costobocia.Standard\R5T.Costobocia.Standard.csproj", "{E389FE88-5348-49E7-9F65-2724D10560ED}"
EndProject
Project("{9A19103F-16F7-4668-BE54-9A1E7A4F7556}") = "R5T.Bulgaria.Standard", "..\..\R5T.Bulgaria\source\R5T.Bulgaria.Standard\R5T.Bulgaria.Standard.csproj", "{4A893766-A387-4CC8-AEBA-CF0FDA30EB14}"
EndProject
Project("{9A19103F-16F7-4668-BE54-9A1E7A4F7556}") = "R5T.Bulgaria.Default", "..\..\R5T.Bulgaria\source\R5T.Bulgaria.Default\R5T.Bulgaria.Default.csproj", "{96A8C6AE-1250-42BD-B647-62BC86A4A842}"
EndProject
Project("{9A19103F-16F7-4668-BE54-9A1E7A4F7556}") = "R5T.Bulgaria.UserProfileDirectory", "..\..\R5T.Bulgaria\source\R5T.Bulgaria.UserProfileDirectory\R5T.Bulgaria.UserProfileDirectory.csproj", "{D3E30153-BBE8-448B-8018-1AA7D06C82D0}"
EndProject
Project("{9A19103F-16F7-4668-BE54-9A1E7A4F7556}") = "R5T.Visigothia.Standard", "..\..\R5T.Visigothia\source\R5T.Visigothia.Standard\R5T.Visigothia.Standard.csproj", "{24677559-3B47-457A-8187-EF03BB977DE7}"
EndProject
Project("{9A19103F-16F7-4668-BE54-9A1E7A4F7556}") = "R5T.Visigothia.Default", "..\..\R5T.Visigothia\source\R5T.Visigothia.Default\R5T.Visigothia.Default.csproj", "{A6AFB07E-B9E0-435A-B2FB-124E9C159EB2}"
EndProject
Project("{9A19103F-16F7-4668-BE54-9A1E7A4F7556}") = "R5T.Visigothia.Base", "..\..\R5T.Visigothia\source\R5T.Visigothia.Base\R5T.Visigothia.Base.csproj", "{1285F90B-9684-43B5-9A5D-FBCCAFC48063}"
EndProject
Project("{9A19103F-16F7-4668-BE54-9A1E7A4F7556}") = "R5T.Bulgaria", "..\..\R5T.Bulgaria\source\R5T.Bulgaria\R5T.Bulgaria.csproj", "{700AE29F-0F78-4E12-92EE-9D6AFD10258F}"
EndProject
Project("{9A19103F-16F7-4668-BE54-9A1E7A4F7556}") = "R5T.L0013", "..\..\R5T.L0013\source\R5T.L0013\R5T.L0013.csproj", "{312FF311-F215-4488-89FB-A3AE2FD5B591}"
EndProject
Project("{9A19103F-16F7-4668-BE54-9A1E7A4F7556}") = "R5T.Magyar", "..\..\R5T.Magyar\source\R5T.Magyar\R5T.Magyar.csproj", "{1820E361-5C5B-456C-ABF6-955C0F450EFF}"
EndProject
Project("{9A19103F-16F7-4668-BE54-9A1E7A4F7556}") = "R5T.T0039.T002", "..\..\R5T.T0039\source\R5T.T0039.T002\R5T.T0039.T002.csproj", "{EC99F661-332C-4831-967A-6A455C689A66}"
EndProject
Project("{9A19103F-16F7-4668-BE54-9A1E7A4F7556}") = "R5T.T0062.X001", "..\..\R5T.T0062\source\R5T.T0062.X001\R5T.T0062.X001.csproj", "{C33A9F0B-CC98-4662-AC6A-988804BB204F}"
EndProject
Project("{9A19103F-16F7-4668-BE54-9A1E7A4F7556}") = "R5T.T0062", "..\..\R5T.T0062\source\R5T.T0062\R5T.T0062.csproj", "{14E7EC46-7B53-4142-80CD-2C994F298E38}"
EndProject
Project("{9A19103F-16F7-4668-BE54-9A1E7A4F7556}") = "R5T.T0063", "..\..\R5T.T0063\source\R5T.T0063\R5T.T0063.csproj", "{F2F52331-887D-45B9-B3B0-5B6DFC95959F}"
EndProject
Project("{9A19103F-16F7-4668-BE54-9A1E7A4F7556}") = "R5T.T0064", "..\..\R5T.T0064\source\R5T.T0064\R5T.T0064.csproj", "{C847709C-699F-4032-A8C6-1472E9A2D6CF}"
EndProject
Project("{9A19103F-16F7-4668-BE54-9A1E7A4F7556}") = "R5T.T0143", "..\..\R5T.T0143\source\R5T.T0143\R5T.T0143.csproj", "{02F00B05-47F3-4793-8E5F-1FACB386DCA0}"
EndProject
Global
	GlobalSection(NestedProjects) = preSolution
		{6F156689-FA0B-477E-AF1A-60196FCF0BD2} = {53691A5E-D1C5-495A-A4C6-8DF5F555F8DD}
		{50B5382B-0505-404A-8F8A-15D36424E2C1} = {53691A5E-D1C5-495A-A4C6-8DF5F555F8DD}
		{2E89BF62-C5B0-44E0-9CA3-F9BE990F8A32} = {53691A5E-D1C5-495A-A4C6-8DF5F555F8DD}
		{7233B76D-25E1-47E4-B2F3-3F9B12AD5760} = {53691A5E-D1C5-495A-A4C6-8DF5F555F8DD}
		{E3F00851-97E1-477A-A06A-FC270E655890} = {53691A5E-D1C5-495A-A4C6-8DF5F555F8DD}
		{2CA77061-11C5-458C-8F72-BF899CA7D151} = {53691A5E-D1C5-495A-A4C6-8DF5F555F8DD}
		{4A893766-A387-4CC8-AEBA-CF0FDA30EB14} = {53691A5E-D1C5-495A-A4C6-8DF5F555F8DD}
		{96A8C6AE-1250-42BD-B647-62BC86A4A842} = {53691A5E-D1C5-495A-A4C6-8DF5F555F8DD}
		{D3E30153-BBE8-448B-8018-1AA7D06C82D0} = {53691A5E-D1C5-495A-A4C6-8DF5F555F8DD}
		{24677559-3B47-457A-8187-EF03BB977DE7} = {53691A5E-D1C5-495A-A4C6-8DF5F555F8DD}
		{A6AFB07E-B9E0-435A-B2FB-124E9C159EB2} = {53691A5E-D1C5-495A-A4C6-8DF5F555F8DD}
		{1285F90B-9684-43B5-9A5D-FBCCAFC48063} = {53691A5E-D1C5-495A-A4C6-8DF5F555F8DD}
		{700AE29F-0F78-4E12-92EE-9D6AFD10258F} = {53691A5E-D1C5-495A-A4C6-8DF5F555F8DD}
		{312FF311-F215-4488-89FB-A3AE2FD5B591} = {53691A5E-D1C5-495A-A4C6-8DF5F555F8DD}
		{1820E361-5C5B-456C-ABF6-955C0F450EFF} = {53691A5E-D1C5-495A-A4C6-8DF5F555F8DD}
		{EC99F661-332C-4831-967A-6A455C689A66} = {53691A5E-D1C5-495A-A4C6-8DF5F555F8DD}
		{C33A9F0B-CC98-4662-AC6A-988804BB204F} = {53691A5E-D1C5-495A-A4C6-8DF5F555F8DD}
		{14E7EC46-7B53-4142-80CD-2C994F298E38} = {53691A5E-D1C5-495A-A4C6-8DF5F555F8DD}
		{F2F52331-887D-45B9-B3B0-5B6DFC95959F} = {53691A5E-D1C5-495A-A4C6-8DF5F555F8DD}
		{C847709C-699F-4032-A8C6-1472E9A2D6CF} = {53691A5E-D1C5-495A-A4C6-8DF5F555F8DD}
		{02F00B05-47F3-4793-8E5F-1FACB386DCA0} = {53691A5E-D1C5-495A-A4C6-8DF5F555F8DD}
	EndGlobalSection
	GlobalSection(SolutionConfigurationPlatforms) = preSolution
		Debug|Any CPU = Debug|Any CPU
		Debug|x64 = Debug|x64
		Debug|x86 = Debug|x86
		Release|Any CPU = Release|Any CPU
		Release|x64 = Release|x64
		Release|x86 = Release|x86
	EndGlobalSection
	GlobalSection(ProjectConfigurationPlatforms) = postSolution
		{DB090B05-3495-4C08-B043-C0175FFC9D41}.Debug|Any CPU.ActiveCfg = Debug|Any CPU
		{DB090B05-3495-4C08-B043-C0175FFC9D41}.Debug|Any CPU.Build.0 = Debug|Any CPU
		{DB090B05-3495-4C08-B043-C0175FFC9D41}.Debug|x64.ActiveCfg = Debug|Any CPU
		{DB090B05-3495-4C08-B043-C0175FFC9D41}.Debug|x64.Build.0 = Debug|Any CPU
		{DB090B05-3495-4C08-B043-C0175FFC9D41}.Debug|x86.ActiveCfg = Debug|Any CPU
		{DB090B05-3495-4C08-B043-C0175FFC9D41}.Debug|x86.Build.0 = Debug|Any CPU
		{DB090B05-3495-4C08-B043-C0175FFC9D41}.Release|Any CPU.ActiveCfg = Release|Any CPU
		{DB090B05-3495-4C08-B043-C0175FFC9D41}.Release|Any CPU.Build.0 = Release|Any CPU
		{DB090B05-3495-4C08-B043-C0175FFC9D41}.Release|x64.ActiveCfg = Release|Any CPU
		{DB090B05-3495-4C08-B043-C0175FFC9D41}.Release|x64.Build.0 = Release|Any CPU
		{DB090B05-3495-4C08-B043-C0175FFC9D41}.Release|x86.ActiveCfg = Release|Any CPU
		{DB090B05-3495-4C08-B043-C0175FFC9D41}.Release|x86.Build.0 = Release|Any CPU
		{486C0567-ABE8-478F-B4E0-B41A7BFF5012}.Debug|Any CPU.ActiveCfg = Debug|Any CPU
		{486C0567-ABE8-478F-B4E0-B41A7BFF5012}.Debug|Any CPU.Build.0 = Debug|Any CPU
		{486C0567-ABE8-478F-B4E0-B41A7BFF5012}.Debug|x64.ActiveCfg = Debug|Any CPU
		{486C0567-ABE8-478F-B4E0-B41A7BFF5012}.Debug|x64.Build.0 = Debug|Any CPU
		{486C0567-ABE8-478F-B4E0-B41A7BFF5012}.Debug|x86.ActiveCfg = Debug|Any CPU
		{486C0567-ABE8-478F-B4E0-B41A7BFF5012}.Debug|x86.Build.0 = Debug|Any CPU
		{486C0567-ABE8-478F-B4E0-B41A7BFF5012}.Release|Any CPU.ActiveCfg = Release|Any CPU
		{486C0567-ABE8-478F-B4E0-B41A7BFF5012}.Release|Any CPU.Build.0 = Release|Any CPU
		{486C0567-ABE8-478F-B4E0-B41A7BFF5012}.Release|x64.ActiveCfg = Release|Any CPU
		{486C0567-ABE8-478F-B4E0-B41A7BFF5012}.Release|x64.Build.0 = Release|Any CPU
		{486C0567-ABE8-478F-B4E0-B41A7BFF5012}.Release|x86.ActiveCfg = Release|Any CPU
		{486C0567-ABE8-478F-B4E0-B41A7BFF5012}.Release|x86.Build.0 = Release|Any CPU
		{036AAE9A-80AE-488C-9FAB-747A09BCAD11}.Debug|Any CPU.ActiveCfg = Debug|Any CPU
		{036AAE9A-80AE-488C-9FAB-747A09BCAD11}.Debug|Any CPU.Build.0 = Debug|Any CPU
		{036AAE9A-80AE-488C-9FAB-747A09BCAD11}.Debug|x64.ActiveCfg = Debug|Any CPU
		{036AAE9A-80AE-488C-9FAB-747A09BCAD11}.Debug|x64.Build.0 = Debug|Any CPU
		{036AAE9A-80AE-488C-9FAB-747A09BCAD11}.Debug|x86.ActiveCfg = Debug|Any CPU
		{036AAE9A-80AE-488C-9FAB-747A09BCAD11}.Debug|x86.Build.0 = Debug|Any CPU
		{036AAE9A-80AE-488C-9FAB-747A09BCAD11}.Release|Any CPU.ActiveCfg = Release|Any CPU
		{036AAE9A-80AE-488C-9FAB-747A09BCAD11}.Release|Any CPU.Build.0 = Release|Any CPU
		{036AAE9A-80AE-488C-9FAB-747A09BCAD11}.Release|x64.ActiveCfg = Release|Any CPU
		{036AAE9A-80AE-488C-9FAB-747A09BCAD11}.Release|x64.Build.0 = Release|Any CPU
		{036AAE9A-80AE-488C-9FAB-747A09BCAD11}.Release|x86.ActiveCfg = Release|Any CPU
		{036AAE9A-80AE-488C-9FAB-747A09BCAD11}.Release|x86.Build.0 = Release|Any CPU
		{F10B08CE-6738-4734-8254-D0CBCBE90A63}.Debug|Any CPU.ActiveCfg = Debug|Any CPU
		{F10B08CE-6738-4734-8254-D0CBCBE90A63}.Debug|Any CPU.Build.0 = Debug|Any CPU
		{F10B08CE-6738-4734-8254-D0CBCBE90A63}.Debug|x64.ActiveCfg = Debug|Any CPU
		{F10B08CE-6738-4734-8254-D0CBCBE90A63}.Debug|x64.Build.0 = Debug|Any CPU
		{F10B08CE-6738-4734-8254-D0CBCBE90A63}.Debug|x86.ActiveCfg = Debug|Any CPU
		{F10B08CE-6738-4734-8254-D0CBCBE90A63}.Debug|x86.Build.0 = Debug|Any CPU
		{F10B08CE-6738-4734-8254-D0CBCBE90A63}.Release|Any CPU.ActiveCfg = Release|Any CPU
		{F10B08CE-6738-4734-8254-D0CBCBE90A63}.Release|Any CPU.Build.0 = Release|Any CPU
		{F10B08CE-6738-4734-8254-D0CBCBE90A63}.Release|x64.ActiveCfg = Release|Any CPU
		{F10B08CE-6738-4734-8254-D0CBCBE90A63}.Release|x64.Build.0 = Release|Any CPU
		{F10B08CE-6738-4734-8254-D0CBCBE90A63}.Release|x86.ActiveCfg = Release|Any CPU
		{F10B08CE-6738-4734-8254-D0CBCBE90A63}.Release|x86.Build.0 = Release|Any CPU
		{6F156689-FA0B-477E-AF1A-60196FCF0BD2}.Debug|Any CPU.ActiveCfg = Debug|Any CPU
		{6F156689-FA0B-477E-AF1A-60196FCF0BD2}.Debug|Any CPU.Build.0 = Debug|Any CPU
		{6F156689-FA0B-477E-AF1A-60196FCF0BD2}.Debug|x64.ActiveCfg = Debug|Any CPU
		{6F156689-FA0B-477E-AF1A-60196FCF0BD2}.Debug|x64.Build.0 = Debug|Any CPU
		{6F156689-FA0B-477E-AF1A-60196FCF0BD2}.Debug|x86.ActiveCfg = Debug|Any CPU
		{6F156689-FA0B-477E-AF1A-60196FCF0BD2}.Debug|x86.Build.0 = Debug|Any CPU
		{6F156689-FA0B-477E-AF1A-60196FCF0BD2}.Release|Any CPU.ActiveCfg = Release|Any CPU
		{6F156689-FA0B-477E-AF1A-60196FCF0BD2}.Release|Any CPU.Build.0 = Release|Any CPU
		{6F156689-FA0B-477E-AF1A-60196FCF0BD2}.Release|x64.ActiveCfg = Release|Any CPU
		{6F156689-FA0B-477E-AF1A-60196FCF0BD2}.Release|x64.Build.0 = Release|Any CPU
		{6F156689-FA0B-477E-AF1A-60196FCF0BD2}.Release|x86.ActiveCfg = Release|Any CPU
		{6F156689-FA0B-477E-AF1A-60196FCF0BD2}.Release|x86.Build.0 = Release|Any CPU
		{50B5382B-0505-404A-8F8A-15D36424E2C1}.Debug|Any CPU.ActiveCfg = Debug|Any CPU
		{50B5382B-0505-404A-8F8A-15D36424E2C1}.Debug|Any CPU.Build.0 = Debug|Any CPU
		{50B5382B-0505-404A-8F8A-15D36424E2C1}.Debug|x64.ActiveCfg = Debug|Any CPU
		{50B5382B-0505-404A-8F8A-15D36424E2C1}.Debug|x64.Build.0 = Debug|Any CPU
		{50B5382B-0505-404A-8F8A-15D36424E2C1}.Debug|x86.ActiveCfg = Debug|Any CPU
		{50B5382B-0505-404A-8F8A-15D36424E2C1}.Debug|x86.Build.0 = Debug|Any CPU
		{50B5382B-0505-404A-8F8A-15D36424E2C1}.Release|Any CPU.ActiveCfg = Release|Any CPU
		{50B5382B-0505-404A-8F8A-15D36424E2C1}.Release|Any CPU.Build.0 = Release|Any CPU
		{50B5382B-0505-404A-8F8A-15D36424E2C1}.Release|x64.ActiveCfg = Release|Any CPU
		{50B5382B-0505-404A-8F8A-15D36424E2C1}.Release|x64.Build.0 = Release|Any CPU
		{50B5382B-0505-404A-8F8A-15D36424E2C1}.Release|x86.ActiveCfg = Release|Any CPU
		{50B5382B-0505-404A-8F8A-15D36424E2C1}.Release|x86.Build.0 = Release|Any CPU
		{2E89BF62-C5B0-44E0-9CA3-F9BE990F8A32}.Debug|Any CPU.ActiveCfg = Debug|Any CPU
		{2E89BF62-C5B0-44E0-9CA3-F9BE990F8A32}.Debug|Any CPU.Build.0 = Debug|Any CPU
		{2E89BF62-C5B0-44E0-9CA3-F9BE990F8A32}.Debug|x64.ActiveCfg = Debug|Any CPU
		{2E89BF62-C5B0-44E0-9CA3-F9BE990F8A32}.Debug|x64.Build.0 = Debug|Any CPU
		{2E89BF62-C5B0-44E0-9CA3-F9BE990F8A32}.Debug|x86.ActiveCfg = Debug|Any CPU
		{2E89BF62-C5B0-44E0-9CA3-F9BE990F8A32}.Debug|x86.Build.0 = Debug|Any CPU
		{2E89BF62-C5B0-44E0-9CA3-F9BE990F8A32}.Release|Any CPU.ActiveCfg = Release|Any CPU
		{2E89BF62-C5B0-44E0-9CA3-F9BE990F8A32}.Release|Any CPU.Build.0 = Release|Any CPU
		{2E89BF62-C5B0-44E0-9CA3-F9BE990F8A32}.Release|x64.ActiveCfg = Release|Any CPU
		{2E89BF62-C5B0-44E0-9CA3-F9BE990F8A32}.Release|x64.Build.0 = Release|Any CPU
		{2E89BF62-C5B0-44E0-9CA3-F9BE990F8A32}.Release|x86.ActiveCfg = Release|Any CPU
		{2E89BF62-C5B0-44E0-9CA3-F9BE990F8A32}.Release|x86.Build.0 = Release|Any CPU
		{7233B76D-25E1-47E4-B2F3-3F9B12AD5760}.Debug|Any CPU.ActiveCfg = Debug|Any CPU
		{7233B76D-25E1-47E4-B2F3-3F9B12AD5760}.Debug|Any CPU.Build.0 = Debug|Any CPU
		{7233B76D-25E1-47E4-B2F3-3F9B12AD5760}.Debug|x64.ActiveCfg = Debug|Any CPU
		{7233B76D-25E1-47E4-B2F3-3F9B12AD5760}.Debug|x64.Build.0 = Debug|Any CPU
		{7233B76D-25E1-47E4-B2F3-3F9B12AD5760}.Debug|x86.ActiveCfg = Debug|Any CPU
		{7233B76D-25E1-47E4-B2F3-3F9B12AD5760}.Debug|x86.Build.0 = Debug|Any CPU
		{7233B76D-25E1-47E4-B2F3-3F9B12AD5760}.Release|Any CPU.ActiveCfg = Release|Any CPU
		{7233B76D-25E1-47E4-B2F3-3F9B12AD5760}.Release|Any CPU.Build.0 = Release|Any CPU
		{7233B76D-25E1-47E4-B2F3-3F9B12AD5760}.Release|x64.ActiveCfg = Release|Any CPU
		{7233B76D-25E1-47E4-B2F3-3F9B12AD5760}.Release|x64.Build.0 = Release|Any CPU
		{7233B76D-25E1-47E4-B2F3-3F9B12AD5760}.Release|x86.ActiveCfg = Release|Any CPU
		{7233B76D-25E1-47E4-B2F3-3F9B12AD5760}.Release|x86.Build.0 = Release|Any CPU
		{E3F00851-97E1-477A-A06A-FC270E655890}.Debug|Any CPU.ActiveCfg = Debug|Any CPU
		{E3F00851-97E1-477A-A06A-FC270E655890}.Debug|Any CPU.Build.0 = Debug|Any CPU
		{E3F00851-97E1-477A-A06A-FC270E655890}.Debug|x64.ActiveCfg = Debug|Any CPU
		{E3F00851-97E1-477A-A06A-FC270E655890}.Debug|x64.Build.0 = Debug|Any CPU
		{E3F00851-97E1-477A-A06A-FC270E655890}.Debug|x86.ActiveCfg = Debug|Any CPU
		{E3F00851-97E1-477A-A06A-FC270E655890}.Debug|x86.Build.0 = Debug|Any CPU
		{E3F00851-97E1-477A-A06A-FC270E655890}.Release|Any CPU.ActiveCfg = Release|Any CPU
		{E3F00851-97E1-477A-A06A-FC270E655890}.Release|Any CPU.Build.0 = Release|Any CPU
		{E3F00851-97E1-477A-A06A-FC270E655890}.Release|x64.ActiveCfg = Release|Any CPU
		{E3F00851-97E1-477A-A06A-FC270E655890}.Release|x64.Build.0 = Release|Any CPU
		{E3F00851-97E1-477A-A06A-FC270E655890}.Release|x86.ActiveCfg = Release|Any CPU
		{E3F00851-97E1-477A-A06A-FC270E655890}.Release|x86.Build.0 = Release|Any CPU
		{755CD038-0A55-4D31-B009-66C2106185BC}.Debug|Any CPU.ActiveCfg = Debug|Any CPU
		{755CD038-0A55-4D31-B009-66C2106185BC}.Debug|Any CPU.Build.0 = Debug|Any CPU
		{755CD038-0A55-4D31-B009-66C2106185BC}.Debug|x64.ActiveCfg = Debug|Any CPU
		{755CD038-0A55-4D31-B009-66C2106185BC}.Debug|x64.Build.0 = Debug|Any CPU
		{755CD038-0A55-4D31-B009-66C2106185BC}.Debug|x86.ActiveCfg = Debug|Any CPU
		{755CD038-0A55-4D31-B009-66C2106185BC}.Debug|x86.Build.0 = Debug|Any CPU
		{755CD038-0A55-4D31-B009-66C2106185BC}.Release|Any CPU.ActiveCfg = Release|Any CPU
		{755CD038-0A55-4D31-B009-66C2106185BC}.Release|Any CPU.Build.0 = Release|Any CPU
		{755CD038-0A55-4D31-B009-66C2106185BC}.Release|x64.ActiveCfg = Release|Any CPU
		{755CD038-0A55-4D31-B009-66C2106185BC}.Release|x64.Build.0 = Release|Any CPU
		{755CD038-0A55-4D31-B009-66C2106185BC}.Release|x86.ActiveCfg = Release|Any CPU
		{755CD038-0A55-4D31-B009-66C2106185BC}.Release|x86.Build.0 = Release|Any CPU
		{2CA77061-11C5-458C-8F72-BF899CA7D151}.Debug|Any CPU.ActiveCfg = Debug|Any CPU
		{2CA77061-11C5-458C-8F72-BF899CA7D151}.Debug|Any CPU.Build.0 = Debug|Any CPU
		{2CA77061-11C5-458C-8F72-BF899CA7D151}.Debug|x64.ActiveCfg = Debug|Any CPU
		{2CA77061-11C5-458C-8F72-BF899CA7D151}.Debug|x64.Build.0 = Debug|Any CPU
		{2CA77061-11C5-458C-8F72-BF899CA7D151}.Debug|x86.ActiveCfg = Debug|Any CPU
		{2CA77061-11C5-458C-8F72-BF899CA7D151}.Debug|x86.Build.0 = Debug|Any CPU
		{2CA77061-11C5-458C-8F72-BF899CA7D151}.Release|Any CPU.ActiveCfg = Release|Any CPU
		{2CA77061-11C5-458C-8F72-BF899CA7D151}.Release|Any CPU.Build.0 = Release|Any CPU
		{2CA77061-11C5-458C-8F72-BF899CA7D151}.Release|x64.ActiveCfg = Release|Any CPU
		{2CA77061-11C5-458C-8F72-BF899CA7D151}.Release|x64.Build.0 = Release|Any CPU
		{2CA77061-11C5-458C-8F72-BF899CA7D151}.Release|x86.ActiveCfg = Release|Any CPU
		{2CA77061-11C5-458C-8F72-BF899CA7D151}.Release|x86.Build.0 = Release|Any CPU
		{E389FE88-5348-49E7-9F65-2724D10560ED}.Debug|Any CPU.ActiveCfg = Debug|Any CPU
		{E389FE88-5348-49E7-9F65-2724D10560ED}.Debug|Any CPU.Build.0 = Debug|Any CPU
		{E389FE88-5348-49E7-9F65-2724D10560ED}.Debug|x64.ActiveCfg = Debug|Any CPU
		{E389FE88-5348-49E7-9F65-2724D10560ED}.Debug|x64.Build.0 = Debug|Any CPU
		{E389FE88-5348-49E7-9F65-2724D10560ED}.Debug|x86.ActiveCfg = Debug|Any CPU
		{E389FE88-5348-49E7-9F65-2724D10560ED}.Debug|x86.Build.0 = Debug|Any CPU
		{E389FE88-5348-49E7-9F65-2724D10560ED}.Release|Any CPU.ActiveCfg = Release|Any CPU
		{E389FE88-5348-49E7-9F65-2724D10560ED}.Release|Any CPU.Build.0 = Release|Any CPU
		{E389FE88-5348-49E7-9F65-2724D10560ED}.Release|x64.ActiveCfg = Release|Any CPU
		{E389FE88-5348-49E7-9F65-2724D10560ED}.Release|x64.Build.0 = Release|Any CPU
		{E389FE88-5348-49E7-9F65-2724D10560ED}.Release|x86.ActiveCfg = Release|Any CPU
		{E389FE88-5348-49E7-9F65-2724D10560ED}.Release|x86.Build.0 = Release|Any CPU
		{4A893766-A387-4CC8-AEBA-CF0FDA30EB14}.Debug|Any CPU.ActiveCfg = Debug|Any CPU
		{4A893766-A387-4CC8-AEBA-CF0FDA30EB14}.Debug|Any CPU.Build.0 = Debug|Any CPU
		{4A893766-A387-4CC8-AEBA-CF0FDA30EB14}.Debug|x64.ActiveCfg = Debug|Any CPU
		{4A893766-A387-4CC8-AEBA-CF0FDA30EB14}.Debug|x64.Build.0 = Debug|Any CPU
		{4A893766-A387-4CC8-AEBA-CF0FDA30EB14}.Debug|x86.ActiveCfg = Debug|Any CPU
		{4A893766-A387-4CC8-AEBA-CF0FDA30EB14}.Debug|x86.Build.0 = Debug|Any CPU
		{4A893766-A387-4CC8-AEBA-CF0FDA30EB14}.Release|Any CPU.ActiveCfg = Release|Any CPU
		{4A893766-A387-4CC8-AEBA-CF0FDA30EB14}.Release|Any CPU.Build.0 = Release|Any CPU
		{4A893766-A387-4CC8-AEBA-CF0FDA30EB14}.Release|x64.ActiveCfg = Release|Any CPU
		{4A893766-A387-4CC8-AEBA-CF0FDA30EB14}.Release|x64.Build.0 = Release|Any CPU
		{4A893766-A387-4CC8-AEBA-CF0FDA30EB14}.Release|x86.ActiveCfg = Release|Any CPU
		{4A893766-A387-4CC8-AEBA-CF0FDA30EB14}.Release|x86.Build.0 = Release|Any CPU
		{96A8C6AE-1250-42BD-B647-62BC86A4A842}.Debug|Any CPU.ActiveCfg = Debug|Any CPU
		{96A8C6AE-1250-42BD-B647-62BC86A4A842}.Debug|Any CPU.Build.0 = Debug|Any CPU
		{96A8C6AE-1250-42BD-B647-62BC86A4A842}.Debug|x64.ActiveCfg = Debug|Any CPU
		{96A8C6AE-1250-42BD-B647-62BC86A4A842}.Debug|x64.Build.0 = Debug|Any CPU
		{96A8C6AE-1250-42BD-B647-62BC86A4A842}.Debug|x86.ActiveCfg = Debug|Any CPU
		{96A8C6AE-1250-42BD-B647-62BC86A4A842}.Debug|x86.Build.0 = Debug|Any CPU
		{96A8C6AE-1250-42BD-B647-62BC86A4A842}.Release|Any CPU.ActiveCfg = Release|Any CPU
		{96A8C6AE-1250-42BD-B647-62BC86A4A842}.Release|Any CPU.Build.0 = Release|Any CPU
		{96A8C6AE-1250-42BD-B647-62BC86A4A842}.Release|x64.ActiveCfg = Release|Any CPU
		{96A8C6AE-1250-42BD-B647-62BC86A4A842}.Release|x64.Build.0 = Release|Any CPU
		{96A8C6AE-1250-42BD-B647-62BC86A4A842}.Release|x86.ActiveCfg = Release|Any CPU
		{96A8C6AE-1250-42BD-B647-62BC86A4A842}.Release|x86.Build.0 = Release|Any CPU
		{D3E30153-BBE8-448B-8018-1AA7D06C82D0}.Debug|Any CPU.ActiveCfg = Debug|Any CPU
		{D3E30153-BBE8-448B-8018-1AA7D06C82D0}.Debug|Any CPU.Build.0 = Debug|Any CPU
		{D3E30153-BBE8-448B-8018-1AA7D06C82D0}.Debug|x64.ActiveCfg = Debug|Any CPU
		{D3E30153-BBE8-448B-8018-1AA7D06C82D0}.Debug|x64.Build.0 = Debug|Any CPU
		{D3E30153-BBE8-448B-8018-1AA7D06C82D0}.Debug|x86.ActiveCfg = Debug|Any CPU
		{D3E30153-BBE8-448B-8018-1AA7D06C82D0}.Debug|x86.Build.0 = Debug|Any CPU
		{D3E30153-BBE8-448B-8018-1AA7D06C82D0}.Release|Any CPU.ActiveCfg = Release|Any CPU
		{D3E30153-BBE8-448B-8018-1AA7D06C82D0}.Release|Any CPU.Build.0 = Release|Any CPU
		{D3E30153-BBE8-448B-8018-1AA7D06C82D0}.Release|x64.ActiveCfg = Release|Any CPU
		{D3E30153-BBE8-448B-8018-1AA7D06C82D0}.Release|x64.Build.0 = Release|Any CPU
		{D3E30153-BBE8-448B-8018-1AA7D06C82D0}.Release|x86.ActiveCfg = Release|Any CPU
		{D3E30153-BBE8-448B-8018-1AA7D06C82D0}.Release|x86.Build.0 = Release|Any CPU
		{24677559-3B47-457A-8187-EF03BB977DE7}.Debug|Any CPU.ActiveCfg = Debug|Any CPU
		{24677559-3B47-457A-8187-EF03BB977DE7}.Debug|Any CPU.Build.0 = Debug|Any CPU
		{24677559-3B47-457A-8187-EF03BB977DE7}.Debug|x64.ActiveCfg = Debug|Any CPU
		{24677559-3B47-457A-8187-EF03BB977DE7}.Debug|x64.Build.0 = Debug|Any CPU
		{24677559-3B47-457A-8187-EF03BB977DE7}.Debug|x86.ActiveCfg = Debug|Any CPU
		{24677559-3B47-457A-8187-EF03BB977DE7}.Debug|x86.Build.0 = Debug|Any CPU
		{24677559-3B47-457A-8187-EF03BB977DE7}.Release|Any CPU.ActiveCfg = Release|Any CPU
		{24677559-3B47-457A-8187-EF03BB977DE7}.Release|Any CPU.Build.0 = Release|Any CPU
		{24677559-3B47-457A-8187-EF03BB977DE7}.Release|x64.ActiveCfg = Release|Any CPU
		{24677559-3B47-457A-8187-EF03BB977DE7}.Release|x64.Build.0 = Release|Any CPU
		{24677559-3B47-457A-8187-EF03BB977DE7}.Release|x86.ActiveCfg = Release|Any CPU
		{24677559-3B47-457A-8187-EF03BB977DE7}.Release|x86.Build.0 = Release|Any CPU
		{A6AFB07E-B9E0-435A-B2FB-124E9C159EB2}.Debug|Any CPU.ActiveCfg = Debug|Any CPU
		{A6AFB07E-B9E0-435A-B2FB-124E9C159EB2}.Debug|Any CPU.Build.0 = Debug|Any CPU
		{A6AFB07E-B9E0-435A-B2FB-124E9C159EB2}.Debug|x64.ActiveCfg = Debug|Any CPU
		{A6AFB07E-B9E0-435A-B2FB-124E9C159EB2}.Debug|x64.Build.0 = Debug|Any CPU
		{A6AFB07E-B9E0-435A-B2FB-124E9C159EB2}.Debug|x86.ActiveCfg = Debug|Any CPU
		{A6AFB07E-B9E0-435A-B2FB-124E9C159EB2}.Debug|x86.Build.0 = Debug|Any CPU
		{A6AFB07E-B9E0-435A-B2FB-124E9C159EB2}.Release|Any CPU.ActiveCfg = Release|Any CPU
		{A6AFB07E-B9E0-435A-B2FB-124E9C159EB2}.Release|Any CPU.Build.0 = Release|Any CPU
		{A6AFB07E-B9E0-435A-B2FB-124E9C159EB2}.Release|x64.ActiveCfg = Release|Any CPU
		{A6AFB07E-B9E0-435A-B2FB-124E9C159EB2}.Release|x64.Build.0 = Release|Any CPU
		{A6AFB07E-B9E0-435A-B2FB-124E9C159EB2}.Release|x86.ActiveCfg = Release|Any CPU
		{A6AFB07E-B9E0-435A-B2FB-124E9C159EB2}.Release|x86.Build.0 = Release|Any CPU
		{1285F90B-9684-43B5-9A5D-FBCCAFC48063}.Debug|Any CPU.ActiveCfg = Debug|Any CPU
		{1285F90B-9684-43B5-9A5D-FBCCAFC48063}.Debug|Any CPU.Build.0 = Debug|Any CPU
		{1285F90B-9684-43B5-9A5D-FBCCAFC48063}.Debug|x64.ActiveCfg = Debug|Any CPU
		{1285F90B-9684-43B5-9A5D-FBCCAFC48063}.Debug|x64.Build.0 = Debug|Any CPU
		{1285F90B-9684-43B5-9A5D-FBCCAFC48063}.Debug|x86.ActiveCfg = Debug|Any CPU
		{1285F90B-9684-43B5-9A5D-FBCCAFC48063}.Debug|x86.Build.0 = Debug|Any CPU
		{1285F90B-9684-43B5-9A5D-FBCCAFC48063}.Release|Any CPU.ActiveCfg = Release|Any CPU
		{1285F90B-9684-43B5-9A5D-FBCCAFC48063}.Release|Any CPU.Build.0 = Release|Any CPU
		{1285F90B-9684-43B5-9A5D-FBCCAFC48063}.Release|x64.ActiveCfg = Release|Any CPU
		{1285F90B-9684-43B5-9A5D-FBCCAFC48063}.Release|x64.Build.0 = Release|Any CPU
		{1285F90B-9684-43B5-9A5D-FBCCAFC48063}.Release|x86.ActiveCfg = Release|Any CPU
		{1285F90B-9684-43B5-9A5D-FBCCAFC48063}.Release|x86.Build.0 = Release|Any CPU
		{700AE29F-0F78-4E12-92EE-9D6AFD10258F}.Debug|Any CPU.ActiveCfg = Debug|Any CPU
		{700AE29F-0F78-4E12-92EE-9D6AFD10258F}.Debug|Any CPU.Build.0 = Debug|Any CPU
		{700AE29F-0F78-4E12-92EE-9D6AFD10258F}.Debug|x64.ActiveCfg = Debug|Any CPU
		{700AE29F-0F78-4E12-92EE-9D6AFD10258F}.Debug|x64.Build.0 = Debug|Any CPU
		{700AE29F-0F78-4E12-92EE-9D6AFD10258F}.Debug|x86.ActiveCfg = Debug|Any CPU
		{700AE29F-0F78-4E12-92EE-9D6AFD10258F}.Debug|x86.Build.0 = Debug|Any CPU
		{700AE29F-0F78-4E12-92EE-9D6AFD10258F}.Release|Any CPU.ActiveCfg = Release|Any CPU
		{700AE29F-0F78-4E12-92EE-9D6AFD10258F}.Release|Any CPU.Build.0 = Release|Any CPU
		{700AE29F-0F78-4E12-92EE-9D6AFD10258F}.Release|x64.ActiveCfg = Release|Any CPU
		{700AE29F-0F78-4E12-92EE-9D6AFD10258F}.Release|x64.Build.0 = Release|Any CPU
		{700AE29F-0F78-4E12-92EE-9D6AFD10258F}.Release|x86.ActiveCfg = Release|Any CPU
		{700AE29F-0F78-4E12-92EE-9D6AFD10258F}.Release|x86.Build.0 = Release|Any CPU
		{312FF311-F215-4488-89FB-A3AE2FD5B591}.Debug|Any CPU.ActiveCfg = Debug|Any CPU
		{312FF311-F215-4488-89FB-A3AE2FD5B591}.Debug|Any CPU.Build.0 = Debug|Any CPU
		{312FF311-F215-4488-89FB-A3AE2FD5B591}.Debug|x64.ActiveCfg = Debug|Any CPU
		{312FF311-F215-4488-89FB-A3AE2FD5B591}.Debug|x64.Build.0 = Debug|Any CPU
		{312FF311-F215-4488-89FB-A3AE2FD5B591}.Debug|x86.ActiveCfg = Debug|Any CPU
		{312FF311-F215-4488-89FB-A3AE2FD5B591}.Debug|x86.Build.0 = Debug|Any CPU
		{312FF311-F215-4488-89FB-A3AE2FD5B591}.Release|Any CPU.ActiveCfg = Release|Any CPU
		{312FF311-F215-4488-89FB-A3AE2FD5B591}.Release|Any CPU.Build.0 = Release|Any CPU
		{312FF311-F215-4488-89FB-A3AE2FD5B591}.Release|x64.ActiveCfg = Release|Any CPU
		{312FF311-F215-4488-89FB-A3AE2FD5B591}.Release|x64.Build.0 = Release|Any CPU
		{312FF311-F215-4488-89FB-A3AE2FD5B591}.Release|x86.ActiveCfg = Release|Any CPU
		{312FF311-F215-4488-89FB-A3AE2FD5B591}.Release|x86.Build.0 = Release|Any CPU
		{1820E361-5C5B-456C-ABF6-955C0F450EFF}.Debug|Any CPU.ActiveCfg = Debug|Any CPU
		{1820E361-5C5B-456C-ABF6-955C0F450EFF}.Debug|Any CPU.Build.0 = Debug|Any CPU
		{1820E361-5C5B-456C-ABF6-955C0F450EFF}.Debug|x64.ActiveCfg = Debug|Any CPU
		{1820E361-5C5B-456C-ABF6-955C0F450EFF}.Debug|x64.Build.0 = Debug|Any CPU
		{1820E361-5C5B-456C-ABF6-955C0F450EFF}.Debug|x86.ActiveCfg = Debug|Any CPU
		{1820E361-5C5B-456C-ABF6-955C0F450EFF}.Debug|x86.Build.0 = Debug|Any CPU
		{1820E361-5C5B-456C-ABF6-955C0F450EFF}.Release|Any CPU.ActiveCfg = Release|Any CPU
		{1820E361-5C5B-456C-ABF6-955C0F450EFF}.Release|Any CPU.Build.0 = Release|Any CPU
		{1820E361-5C5B-456C-ABF6-955C0F450EFF}.Release|x64.ActiveCfg = Release|Any CPU
		{1820E361-5C5B-456C-ABF6-955C0F450EFF}.Release|x64.Build.0 = Release|Any CPU
		{1820E361-5C5B-456C-ABF6-955C0F450EFF}.Release|x86.ActiveCfg = Release|Any CPU
		{1820E361-5C5B-456C-ABF6-955C0F450EFF}.Release|x86.Build.0 = Release|Any CPU
		{EC99F661-332C-4831-967A-6A455C689A66}.Debug|Any CPU.ActiveCfg = Debug|Any CPU
		{EC99F661-332C-4831-967A-6A455C689A66}.Debug|Any CPU.Build.0 = Debug|Any CPU
		{EC99F661-332C-4831-967A-6A455C689A66}.Debug|x64.ActiveCfg = Debug|Any CPU
		{EC99F661-332C-4831-967A-6A455C689A66}.Debug|x64.Build.0 = Debug|Any CPU
		{EC99F661-332C-4831-967A-6A455C689A66}.Debug|x86.ActiveCfg = Debug|Any CPU
		{EC99F661-332C-4831-967A-6A455C689A66}.Debug|x86.Build.0 = Debug|Any CPU
		{EC99F661-332C-4831-967A-6A455C689A66}.Release|Any CPU.ActiveCfg = Release|Any CPU
		{EC99F661-332C-4831-967A-6A455C689A66}.Release|Any CPU.Build.0 = Release|Any CPU
		{EC99F661-332C-4831-967A-6A455C689A66}.Release|x64.ActiveCfg = Release|Any CPU
		{EC99F661-332C-4831-967A-6A455C689A66}.Release|x64.Build.0 = Release|Any CPU
		{EC99F661-332C-4831-967A-6A455C689A66}.Release|x86.ActiveCfg = Release|Any CPU
		{EC99F661-332C-4831-967A-6A455C689A66}.Release|x86.Build.0 = Release|Any CPU
		{C33A9F0B-CC98-4662-AC6A-988804BB204F}.Debug|Any CPU.ActiveCfg = Debug|Any CPU
		{C33A9F0B-CC98-4662-AC6A-988804BB204F}.Debug|Any CPU.Build.0 = Debug|Any CPU
		{C33A9F0B-CC98-4662-AC6A-988804BB204F}.Debug|x64.ActiveCfg = Debug|Any CPU
		{C33A9F0B-CC98-4662-AC6A-988804BB204F}.Debug|x64.Build.0 = Debug|Any CPU
		{C33A9F0B-CC98-4662-AC6A-988804BB204F}.Debug|x86.ActiveCfg = Debug|Any CPU
		{C33A9F0B-CC98-4662-AC6A-988804BB204F}.Debug|x86.Build.0 = Debug|Any CPU
		{C33A9F0B-CC98-4662-AC6A-988804BB204F}.Release|Any CPU.ActiveCfg = Release|Any CPU
		{C33A9F0B-CC98-4662-AC6A-988804BB204F}.Release|Any CPU.Build.0 = Release|Any CPU
		{C33A9F0B-CC98-4662-AC6A-988804BB204F}.Release|x64.ActiveCfg = Release|Any CPU
		{C33A9F0B-CC98-4662-AC6A-988804BB204F}.Release|x64.Build.0 = Release|Any CPU
		{C33A9F0B-CC98-4662-AC6A-988804BB204F}.Release|x86.ActiveCfg = Release|Any CPU
		{C33A9F0B-CC98-4662-AC6A-988804BB204F}.Release|x86.Build.0 = Release|Any CPU
		{14E7EC46-7B53-4142-80CD-2C994F298E38}.Debug|Any CPU.ActiveCfg = Debug|Any CPU
		{14E7EC46-7B53-4142-80CD-2C994F298E38}.Debug|Any CPU.Build.0 = Debug|Any CPU
		{14E7EC46-7B53-4142-80CD-2C994F298E38}.Debug|x64.ActiveCfg = Debug|Any CPU
		{14E7EC46-7B53-4142-80CD-2C994F298E38}.Debug|x64.Build.0 = Debug|Any CPU
		{14E7EC46-7B53-4142-80CD-2C994F298E38}.Debug|x86.ActiveCfg = Debug|Any CPU
		{14E7EC46-7B53-4142-80CD-2C994F298E38}.Debug|x86.Build.0 = Debug|Any CPU
		{14E7EC46-7B53-4142-80CD-2C994F298E38}.Release|Any CPU.ActiveCfg = Release|Any CPU
		{14E7EC46-7B53-4142-80CD-2C994F298E38}.Release|Any CPU.Build.0 = Release|Any CPU
		{14E7EC46-7B53-4142-80CD-2C994F298E38}.Release|x64.ActiveCfg = Release|Any CPU
		{14E7EC46-7B53-4142-80CD-2C994F298E38}.Release|x64.Build.0 = Release|Any CPU
		{14E7EC46-7B53-4142-80CD-2C994F298E38}.Release|x86.ActiveCfg = Release|Any CPU
		{14E7EC46-7B53-4142-80CD-2C994F298E38}.Release|x86.Build.0 = Release|Any CPU
		{F2F52331-887D-45B9-B3B0-5B6DFC95959F}.Debug|Any CPU.ActiveCfg = Debug|Any CPU
		{F2F52331-887D-45B9-B3B0-5B6DFC95959F}.Debug|Any CPU.Build.0 = Debug|Any CPU
		{F2F52331-887D-45B9-B3B0-5B6DFC95959F}.Debug|x64.ActiveCfg = Debug|Any CPU
		{F2F52331-887D-45B9-B3B0-5B6DFC95959F}.Debug|x64.Build.0 = Debug|Any CPU
		{F2F52331-887D-45B9-B3B0-5B6DFC95959F}.Debug|x86.ActiveCfg = Debug|Any CPU
		{F2F52331-887D-45B9-B3B0-5B6DFC95959F}.Debug|x86.Build.0 = Debug|Any CPU
		{F2F52331-887D-45B9-B3B0-5B6DFC95959F}.Release|Any CPU.ActiveCfg = Release|Any CPU
		{F2F52331-887D-45B9-B3B0-5B6DFC95959F}.Release|Any CPU.Build.0 = Release|Any CPU
		{F2F52331-887D-45B9-B3B0-5B6DFC95959F}.Release|x64.ActiveCfg = Release|Any CPU
		{F2F52331-887D-45B9-B3B0-5B6DFC95959F}.Release|x64.Build.0 = Release|Any CPU
		{F2F52331-887D-45B9-B3B0-5B6DFC95959F}.Release|x86.ActiveCfg = Release|Any CPU
		{F2F52331-887D-45B9-B3B0-5B6DFC95959F}.Release|x86.Build.0 = Release|Any CPU
		{C847709C-699F-4032-A8C6-1472E9A2D6CF}.Debug|Any CPU.ActiveCfg = Debug|Any CPU
		{C847709C-699F-4032-A8C6-1472E9A2D6CF}.Debug|Any CPU.Build.0 = Debug|Any CPU
		{C847709C-699F-4032-A8C6-1472E9A2D6CF}.Debug|x64.ActiveCfg = Debug|Any CPU
		{C847709C-699F-4032-A8C6-1472E9A2D6CF}.Debug|x64.Build.0 = Debug|Any CPU
		{C847709C-699F-4032-A8C6-1472E9A2D6CF}.Debug|x86.ActiveCfg = Debug|Any CPU
		{C847709C-699F-4032-A8C6-1472E9A2D6CF}.Debug|x86.Build.0 = Debug|Any CPU
		{C847709C-699F-4032-A8C6-1472E9A2D6CF}.Release|Any CPU.ActiveCfg = Release|Any CPU
		{C847709C-699F-4032-A8C6-1472E9A2D6CF}.Release|Any CPU.Build.0 = Release|Any CPU
		{C847709C-699F-4032-A8C6-1472E9A2D6CF}.Release|x64.ActiveCfg = Release|Any CPU
		{C847709C-699F-4032-A8C6-1472E9A2D6CF}.Release|x64.Build.0 = Release|Any CPU
		{C847709C-699F-4032-A8C6-1472E9A2D6CF}.Release|x86.ActiveCfg = Release|Any CPU
		{C847709C-699F-4032-A8C6-1472E9A2D6CF}.Release|x86.Build.0 = Release|Any CPU
		{02F00B05-47F3-4793-8E5F-1FACB386DCA0}.Debug|Any CPU.ActiveCfg = Debug|Any CPU
		{02F00B05-47F3-4793-8E5F-1FACB386DCA0}.Debug|Any CPU.Build.0 = Debug|Any CPU
		{02F00B05-47F3-4793-8E5F-1FACB386DCA0}.Debug|x64.ActiveCfg = Debug|Any CPU
		{02F00B05-47F3-4793-8E5F-1FACB386DCA0}.Debug|x64.Build.0 = Debug|Any CPU
		{02F00B05-47F3-4793-8E5F-1FACB386DCA0}.Debug|x86.ActiveCfg = Debug|Any CPU
		{02F00B05-47F3-4793-8E5F-1FACB386DCA0}.Debug|x86.Build.0 = Debug|Any CPU
		{02F00B05-47F3-4793-8E5F-1FACB386DCA0}.Release|Any CPU.ActiveCfg = Release|Any CPU
		{02F00B05-47F3-4793-8E5F-1FACB386DCA0}.Release|Any CPU.Build.0 = Release|Any CPU
		{02F00B05-47F3-4793-8E5F-1FACB386DCA0}.Release|x64.ActiveCfg = Release|Any CPU
		{02F00B05-47F3-4793-8E5F-1FACB386DCA0}.Release|x64.Build.0 = Release|Any CPU
		{02F00B05-47F3-4793-8E5F-1FACB386DCA0}.Release|x86.ActiveCfg = Release|Any CPU
		{02F00B05-47F3-4793-8E5F-1FACB386DCA0}.Release|x86.Build.0 = Release|Any CPU
	EndGlobalSection
	GlobalSection(SolutionProperties) = preSolution
		HideSolutionNode = FALSE
	EndGlobalSection
	GlobalSection(ExtensibilityGlobals) = postSolution
		SolutionGuid = {02AFC626-83C4-45E1-92A8-AE977E3A5C41}
	EndGlobalSection
EndGlobal
